// !$*UTF8*$!
{
	archiveVersion = 1;
	classes = {
	};
	objectVersion = 56;
	objects = {

/* Begin PBXBuildFile section */
		1F136DAC2AD2274E00956AE8 /* SwiftSoup in Frameworks */ = {isa = PBXBuildFile; productRef = 1F136DAB2AD2274E00956AE8 /* SwiftSoup */; };
		1F136DAE2AD2341F00956AE8 /* AuthorizationView.swift in Sources */ = {isa = PBXBuildFile; fileRef = 1F136DAD2AD2341F00956AE8 /* AuthorizationView.swift */; };
		1F136DB02AD3484000956AE8 /* OnlineCampus.swift in Sources */ = {isa = PBXBuildFile; fileRef = 1F136DAF2AD3484000956AE8 /* OnlineCampus.swift */; };
		1F4832A22AC89DB600024C7B /* UEApp.swift in Sources */ = {isa = PBXBuildFile; fileRef = 1F4832A12AC89DB600024C7B /* UEApp.swift */; };
		1F4832A42AC89DB600024C7B /* ContentView.swift in Sources */ = {isa = PBXBuildFile; fileRef = 1F4832A32AC89DB600024C7B /* ContentView.swift */; };
		1F4832A62AC89DBA00024C7B /* Assets.xcassets in Resources */ = {isa = PBXBuildFile; fileRef = 1F4832A52AC89DBA00024C7B /* Assets.xcassets */; };
		1F4832A92AC89DBA00024C7B /* Preview Assets.xcassets in Resources */ = {isa = PBXBuildFile; fileRef = 1F4832A82AC89DBA00024C7B /* Preview Assets.xcassets */; };
		1F4832B32AC89DBA00024C7B /* UETests.swift in Sources */ = {isa = PBXBuildFile; fileRef = 1F4832B22AC89DBA00024C7B /* UETests.swift */; };
		1F4832BD2AC89DBA00024C7B /* UEUITests.swift in Sources */ = {isa = PBXBuildFile; fileRef = 1F4832BC2AC89DBA00024C7B /* UEUITests.swift */; };
		1F4832BF2AC89DBA00024C7B /* UEUITestsLaunchTests.swift in Sources */ = {isa = PBXBuildFile; fileRef = 1F4832BE2AC89DBA00024C7B /* UEUITestsLaunchTests.swift */; };
		1F4832CC2AC89F0600024C7B /* TimetableView.swift in Sources */ = {isa = PBXBuildFile; fileRef = 1F4832CB2AC89F0600024C7B /* TimetableView.swift */; };
		1F544A7C2ACD6B1000C6AEDD /* AuthorizationTests.swift in Sources */ = {isa = PBXBuildFile; fileRef = 1F544A7B2ACD6B1000C6AEDD /* AuthorizationTests.swift */; };
		1F544A802ACD9CA700C6AEDD /* Event.swift in Sources */ = {isa = PBXBuildFile; fileRef = 1F544A7F2ACD9CA700C6AEDD /* Event.swift */; };
		1F97C25E2ADD5AE800E10126 /* TimetableTests.swift in Sources */ = {isa = PBXBuildFile; fileRef = 1F97C25D2ADD5AE800E10126 /* TimetableTests.swift */; };
/* End PBXBuildFile section */

/* Begin PBXContainerItemProxy section */
		1F4832AF2AC89DBA00024C7B /* PBXContainerItemProxy */ = {
			isa = PBXContainerItemProxy;
			containerPortal = 1F4832962AC89DB600024C7B /* Project object */;
			proxyType = 1;
			remoteGlobalIDString = 1F48329D2AC89DB600024C7B;
			remoteInfo = UE;
		};
		1F4832B92AC89DBA00024C7B /* PBXContainerItemProxy */ = {
			isa = PBXContainerItemProxy;
			containerPortal = 1F4832962AC89DB600024C7B /* Project object */;
			proxyType = 1;
			remoteGlobalIDString = 1F48329D2AC89DB600024C7B;
			remoteInfo = UE;
		};
/* End PBXContainerItemProxy section */

/* Begin PBXFileReference section */
		1F136DAD2AD2341F00956AE8 /* AuthorizationView.swift */ = {isa = PBXFileReference; lastKnownFileType = sourcecode.swift; path = AuthorizationView.swift; sourceTree = "<group>"; };
		1F136DAF2AD3484000956AE8 /* OnlineCampus.swift */ = {isa = PBXFileReference; lastKnownFileType = sourcecode.swift; path = OnlineCampus.swift; sourceTree = "<group>"; };
		1F48329E2AC89DB600024C7B /* UE.app */ = {isa = PBXFileReference; explicitFileType = wrapper.application; includeInIndex = 0; path = UE.app; sourceTree = BUILT_PRODUCTS_DIR; };
		1F4832A12AC89DB600024C7B /* UEApp.swift */ = {isa = PBXFileReference; lastKnownFileType = sourcecode.swift; path = UEApp.swift; sourceTree = "<group>"; };
		1F4832A32AC89DB600024C7B /* ContentView.swift */ = {isa = PBXFileReference; lastKnownFileType = sourcecode.swift; path = ContentView.swift; sourceTree = "<group>"; };
		1F4832A52AC89DBA00024C7B /* Assets.xcassets */ = {isa = PBXFileReference; lastKnownFileType = folder.assetcatalog; path = Assets.xcassets; sourceTree = "<group>"; };
		1F4832A82AC89DBA00024C7B /* Preview Assets.xcassets */ = {isa = PBXFileReference; lastKnownFileType = folder.assetcatalog; path = "Preview Assets.xcassets"; sourceTree = "<group>"; };
		1F4832AE2AC89DBA00024C7B /* UETests.xctest */ = {isa = PBXFileReference; explicitFileType = wrapper.cfbundle; includeInIndex = 0; path = UETests.xctest; sourceTree = BUILT_PRODUCTS_DIR; };
		1F4832B22AC89DBA00024C7B /* UETests.swift */ = {isa = PBXFileReference; lastKnownFileType = sourcecode.swift; path = UETests.swift; sourceTree = "<group>"; };
		1F4832B82AC89DBA00024C7B /* UEUITests.xctest */ = {isa = PBXFileReference; explicitFileType = wrapper.cfbundle; includeInIndex = 0; path = UEUITests.xctest; sourceTree = BUILT_PRODUCTS_DIR; };
		1F4832BC2AC89DBA00024C7B /* UEUITests.swift */ = {isa = PBXFileReference; lastKnownFileType = sourcecode.swift; path = UEUITests.swift; sourceTree = "<group>"; };
		1F4832BE2AC89DBA00024C7B /* UEUITestsLaunchTests.swift */ = {isa = PBXFileReference; lastKnownFileType = sourcecode.swift; path = UEUITestsLaunchTests.swift; sourceTree = "<group>"; };
		1F4832CB2AC89F0600024C7B /* TimetableView.swift */ = {isa = PBXFileReference; lastKnownFileType = sourcecode.swift; path = TimetableView.swift; sourceTree = "<group>"; };
		1F544A7B2ACD6B1000C6AEDD /* AuthorizationTests.swift */ = {isa = PBXFileReference; lastKnownFileType = sourcecode.swift; path = AuthorizationTests.swift; sourceTree = "<group>"; };
		1F544A7F2ACD9CA700C6AEDD /* Event.swift */ = {isa = PBXFileReference; lastKnownFileType = sourcecode.swift; path = Event.swift; sourceTree = "<group>"; };
		1F97C25D2ADD5AE800E10126 /* TimetableTests.swift */ = {isa = PBXFileReference; lastKnownFileType = sourcecode.swift; path = TimetableTests.swift; sourceTree = "<group>"; };
/* End PBXFileReference section */

/* Begin PBXFrameworksBuildPhase section */
		1F48329B2AC89DB600024C7B /* Frameworks */ = {
			isa = PBXFrameworksBuildPhase;
			buildActionMask = 2147483647;
			files = (
				1F136DAC2AD2274E00956AE8 /* SwiftSoup in Frameworks */,
			);
			runOnlyForDeploymentPostprocessing = 0;
		};
		1F4832AB2AC89DBA00024C7B /* Frameworks */ = {
			isa = PBXFrameworksBuildPhase;
			buildActionMask = 2147483647;
			files = (
			);
			runOnlyForDeploymentPostprocessing = 0;
		};
		1F4832B52AC89DBA00024C7B /* Frameworks */ = {
			isa = PBXFrameworksBuildPhase;
			buildActionMask = 2147483647;
			files = (
			);
			runOnlyForDeploymentPostprocessing = 0;
		};
/* End PBXFrameworksBuildPhase section */

/* Begin PBXGroup section */
		1F4832952AC89DB600024C7B = {
			isa = PBXGroup;
			children = (
				1F4832A02AC89DB600024C7B /* UE */,
				1F4832B12AC89DBA00024C7B /* UETests */,
				1F4832BB2AC89DBA00024C7B /* UEUITests */,
				1F48329F2AC89DB600024C7B /* Products */,
			);
			sourceTree = "<group>";
		};
		1F48329F2AC89DB600024C7B /* Products */ = {
			isa = PBXGroup;
			children = (
				1F48329E2AC89DB600024C7B /* UE.app */,
				1F4832AE2AC89DBA00024C7B /* UETests.xctest */,
				1F4832B82AC89DBA00024C7B /* UEUITests.xctest */,
			);
			name = Products;
			sourceTree = "<group>";
		};
		1F4832A02AC89DB600024C7B /* UE */ = {
			isa = PBXGroup;
			children = (
				1FA8A0972ACC3A8A00AA07E1 /* Views */,
				1FA8A0962ACC3A8100AA07E1 /* Models */,
				1F4832CD2AC8A0A000024C7B /* Service */,
				1F4832A12AC89DB600024C7B /* UEApp.swift */,
				1F4832A72AC89DBA00024C7B /* Preview Content */,
				1F4832A52AC89DBA00024C7B /* Assets.xcassets */,
			);
			path = UE;
			sourceTree = "<group>";
		};
		1F4832A72AC89DBA00024C7B /* Preview Content */ = {
			isa = PBXGroup;
			children = (
				1F4832A82AC89DBA00024C7B /* Preview Assets.xcassets */,
			);
			path = "Preview Content";
			sourceTree = "<group>";
		};
		1F4832B12AC89DBA00024C7B /* UETests */ = {
			isa = PBXGroup;
			children = (
				1F4832B22AC89DBA00024C7B /* UETests.swift */,
				1F544A7B2ACD6B1000C6AEDD /* AuthorizationTests.swift */,
				1F97C25D2ADD5AE800E10126 /* TimetableTests.swift */,
			);
			path = UETests;
			sourceTree = "<group>";
		};
		1F4832BB2AC89DBA00024C7B /* UEUITests */ = {
			isa = PBXGroup;
			children = (
				1F4832BC2AC89DBA00024C7B /* UEUITests.swift */,
				1F4832BE2AC89DBA00024C7B /* UEUITestsLaunchTests.swift */,
			);
			path = UEUITests;
			sourceTree = "<group>";
		};
		1F4832CD2AC8A0A000024C7B /* Service */ = {
			isa = PBXGroup;
			children = (
				1F136DAF2AD3484000956AE8 /* OnlineCampus.swift */,
			);
			path = Service;
			sourceTree = "<group>";
		};
		1FA8A0962ACC3A8100AA07E1 /* Models */ = {
			isa = PBXGroup;
			children = (
				1F544A7F2ACD9CA700C6AEDD /* Event.swift */,
			);
			path = Models;
			sourceTree = "<group>";
		};
		1FA8A0972ACC3A8A00AA07E1 /* Views */ = {
			isa = PBXGroup;
			children = (
				1F4832A32AC89DB600024C7B /* ContentView.swift */,
				1F4832CB2AC89F0600024C7B /* TimetableView.swift */,
				1F136DAD2AD2341F00956AE8 /* AuthorizationView.swift */,
			);
			path = Views;
			sourceTree = "<group>";
		};
/* End PBXGroup section */

/* Begin PBXNativeTarget section */
		1F48329D2AC89DB600024C7B /* UE */ = {
			isa = PBXNativeTarget;
			buildConfigurationList = 1F4832C22AC89DBA00024C7B /* Build configuration list for PBXNativeTarget "UE" */;
			buildPhases = (
				1F48329A2AC89DB600024C7B /* Sources */,
				1F48329B2AC89DB600024C7B /* Frameworks */,
				1F48329C2AC89DB600024C7B /* Resources */,
			);
			buildRules = (
			);
			dependencies = (
			);
			name = UE;
			packageProductDependencies = (
				1F136DAB2AD2274E00956AE8 /* SwiftSoup */,
			);
			productName = UE;
			productReference = 1F48329E2AC89DB600024C7B /* UE.app */;
			productType = "com.apple.product-type.application";
		};
		1F4832AD2AC89DBA00024C7B /* UETests */ = {
			isa = PBXNativeTarget;
			buildConfigurationList = 1F4832C52AC89DBA00024C7B /* Build configuration list for PBXNativeTarget "UETests" */;
			buildPhases = (
				1F4832AA2AC89DBA00024C7B /* Sources */,
				1F4832AB2AC89DBA00024C7B /* Frameworks */,
				1F4832AC2AC89DBA00024C7B /* Resources */,
			);
			buildRules = (
			);
			dependencies = (
				1F4832B02AC89DBA00024C7B /* PBXTargetDependency */,
			);
			name = UETests;
			productName = UETests;
			productReference = 1F4832AE2AC89DBA00024C7B /* UETests.xctest */;
			productType = "com.apple.product-type.bundle.unit-test";
		};
		1F4832B72AC89DBA00024C7B /* UEUITests */ = {
			isa = PBXNativeTarget;
			buildConfigurationList = 1F4832C82AC89DBA00024C7B /* Build configuration list for PBXNativeTarget "UEUITests" */;
			buildPhases = (
				1F4832B42AC89DBA00024C7B /* Sources */,
				1F4832B52AC89DBA00024C7B /* Frameworks */,
				1F4832B62AC89DBA00024C7B /* Resources */,
			);
			buildRules = (
			);
			dependencies = (
				1F4832BA2AC89DBA00024C7B /* PBXTargetDependency */,
			);
			name = UEUITests;
			productName = UEUITests;
			productReference = 1F4832B82AC89DBA00024C7B /* UEUITests.xctest */;
			productType = "com.apple.product-type.bundle.ui-testing";
		};
/* End PBXNativeTarget section */

/* Begin PBXProject section */
		1F4832962AC89DB600024C7B /* Project object */ = {
			isa = PBXProject;
			attributes = {
				BuildIndependentTargetsInParallel = 1;
				LastSwiftUpdateCheck = 1500;
				LastUpgradeCheck = 1500;
				TargetAttributes = {
					1F48329D2AC89DB600024C7B = {
						CreatedOnToolsVersion = 15.0;
					};
					1F4832AD2AC89DBA00024C7B = {
						CreatedOnToolsVersion = 15.0;
						TestTargetID = 1F48329D2AC89DB600024C7B;
					};
					1F4832B72AC89DBA00024C7B = {
						CreatedOnToolsVersion = 15.0;
						TestTargetID = 1F48329D2AC89DB600024C7B;
					};
				};
			};
			buildConfigurationList = 1F4832992AC89DB600024C7B /* Build configuration list for PBXProject "UE" */;
			compatibilityVersion = "Xcode 14.0";
			developmentRegion = en;
			hasScannedForEncodings = 0;
			knownRegions = (
				en,
				Base,
			);
			mainGroup = 1F4832952AC89DB600024C7B;
			packageReferences = (
				1F136DAA2AD2274E00956AE8 /* XCRemoteSwiftPackageReference "SwiftSoup" */,
			);
			productRefGroup = 1F48329F2AC89DB600024C7B /* Products */;
			projectDirPath = "";
			projectRoot = "";
			targets = (
				1F48329D2AC89DB600024C7B /* UE */,
				1F4832AD2AC89DBA00024C7B /* UETests */,
				1F4832B72AC89DBA00024C7B /* UEUITests */,
			);
		};
/* End PBXProject section */

/* Begin PBXResourcesBuildPhase section */
		1F48329C2AC89DB600024C7B /* Resources */ = {
			isa = PBXResourcesBuildPhase;
			buildActionMask = 2147483647;
			files = (
				1F4832A92AC89DBA00024C7B /* Preview Assets.xcassets in Resources */,
				1F4832A62AC89DBA00024C7B /* Assets.xcassets in Resources */,
			);
			runOnlyForDeploymentPostprocessing = 0;
		};
		1F4832AC2AC89DBA00024C7B /* Resources */ = {
			isa = PBXResourcesBuildPhase;
			buildActionMask = 2147483647;
			files = (
			);
			runOnlyForDeploymentPostprocessing = 0;
		};
		1F4832B62AC89DBA00024C7B /* Resources */ = {
			isa = PBXResourcesBuildPhase;
			buildActionMask = 2147483647;
			files = (
			);
			runOnlyForDeploymentPostprocessing = 0;
		};
/* End PBXResourcesBuildPhase section */

/* Begin PBXSourcesBuildPhase section */
		1F48329A2AC89DB600024C7B /* Sources */ = {
			isa = PBXSourcesBuildPhase;
			buildActionMask = 2147483647;
			files = (
				1F4832A42AC89DB600024C7B /* ContentView.swift in Sources */,
				1F4832CC2AC89F0600024C7B /* TimetableView.swift in Sources */,
				1F136DB02AD3484000956AE8 /* OnlineCampus.swift in Sources */,
				1F4832A22AC89DB600024C7B /* UEApp.swift in Sources */,
				1F544A802ACD9CA700C6AEDD /* Event.swift in Sources */,
				1F136DAE2AD2341F00956AE8 /* AuthorizationView.swift in Sources */,
			);
			runOnlyForDeploymentPostprocessing = 0;
		};
		1F4832AA2AC89DBA00024C7B /* Sources */ = {
			isa = PBXSourcesBuildPhase;
			buildActionMask = 2147483647;
			files = (
				1F4832B32AC89DBA00024C7B /* UETests.swift in Sources */,
				1F544A7C2ACD6B1000C6AEDD /* AuthorizationTests.swift in Sources */,
				1F97C25E2ADD5AE800E10126 /* TimetableTests.swift in Sources */,
			);
			runOnlyForDeploymentPostprocessing = 0;
		};
		1F4832B42AC89DBA00024C7B /* Sources */ = {
			isa = PBXSourcesBuildPhase;
			buildActionMask = 2147483647;
			files = (
				1F4832BF2AC89DBA00024C7B /* UEUITestsLaunchTests.swift in Sources */,
				1F4832BD2AC89DBA00024C7B /* UEUITests.swift in Sources */,
			);
			runOnlyForDeploymentPostprocessing = 0;
		};
/* End PBXSourcesBuildPhase section */

/* Begin PBXTargetDependency section */
		1F4832B02AC89DBA00024C7B /* PBXTargetDependency */ = {
			isa = PBXTargetDependency;
			target = 1F48329D2AC89DB600024C7B /* UE */;
			targetProxy = 1F4832AF2AC89DBA00024C7B /* PBXContainerItemProxy */;
		};
		1F4832BA2AC89DBA00024C7B /* PBXTargetDependency */ = {
			isa = PBXTargetDependency;
			target = 1F48329D2AC89DB600024C7B /* UE */;
			targetProxy = 1F4832B92AC89DBA00024C7B /* PBXContainerItemProxy */;
		};
/* End PBXTargetDependency section */

/* Begin XCBuildConfiguration section */
		1F4832C02AC89DBA00024C7B /* Debug */ = {
			isa = XCBuildConfiguration;
			buildSettings = {
				ALWAYS_SEARCH_USER_PATHS = NO;
				ASSETCATALOG_COMPILER_GENERATE_SWIFT_ASSET_SYMBOL_EXTENSIONS = YES;
				CLANG_ANALYZER_NONNULL = YES;
				CLANG_ANALYZER_NUMBER_OBJECT_CONVERSION = YES_AGGRESSIVE;
				CLANG_CXX_LANGUAGE_STANDARD = "gnu++20";
				CLANG_ENABLE_MODULES = YES;
				CLANG_ENABLE_OBJC_ARC = YES;
				CLANG_ENABLE_OBJC_WEAK = YES;
				CLANG_WARN_BLOCK_CAPTURE_AUTORELEASING = YES;
				CLANG_WARN_BOOL_CONVERSION = YES;
				CLANG_WARN_COMMA = YES;
				CLANG_WARN_CONSTANT_CONVERSION = YES;
				CLANG_WARN_DEPRECATED_OBJC_IMPLEMENTATIONS = YES;
				CLANG_WARN_DIRECT_OBJC_ISA_USAGE = YES_ERROR;
				CLANG_WARN_DOCUMENTATION_COMMENTS = YES;
				CLANG_WARN_EMPTY_BODY = YES;
				CLANG_WARN_ENUM_CONVERSION = YES;
				CLANG_WARN_INFINITE_RECURSION = YES;
				CLANG_WARN_INT_CONVERSION = YES;
				CLANG_WARN_NON_LITERAL_NULL_CONVERSION = YES;
				CLANG_WARN_OBJC_IMPLICIT_RETAIN_SELF = YES;
				CLANG_WARN_OBJC_LITERAL_CONVERSION = YES;
				CLANG_WARN_OBJC_ROOT_CLASS = YES_ERROR;
				CLANG_WARN_QUOTED_INCLUDE_IN_FRAMEWORK_HEADER = YES;
				CLANG_WARN_RANGE_LOOP_ANALYSIS = YES;
				CLANG_WARN_STRICT_PROTOTYPES = YES;
				CLANG_WARN_SUSPICIOUS_MOVE = YES;
				CLANG_WARN_UNGUARDED_AVAILABILITY = YES_AGGRESSIVE;
				CLANG_WARN_UNREACHABLE_CODE = YES;
				CLANG_WARN__DUPLICATE_METHOD_MATCH = YES;
				COPY_PHASE_STRIP = NO;
				DEBUG_INFORMATION_FORMAT = dwarf;
				ENABLE_STRICT_OBJC_MSGSEND = YES;
				ENABLE_TESTABILITY = YES;
				ENABLE_USER_SCRIPT_SANDBOXING = YES;
				GCC_C_LANGUAGE_STANDARD = gnu17;
				GCC_DYNAMIC_NO_PIC = NO;
				GCC_NO_COMMON_BLOCKS = YES;
				GCC_OPTIMIZATION_LEVEL = 0;
				GCC_PREPROCESSOR_DEFINITIONS = (
					"DEBUG=1",
					"$(inherited)",
				);
				GCC_WARN_64_TO_32_BIT_CONVERSION = YES;
				GCC_WARN_ABOUT_RETURN_TYPE = YES_ERROR;
				GCC_WARN_UNDECLARED_SELECTOR = YES;
				GCC_WARN_UNINITIALIZED_AUTOS = YES_AGGRESSIVE;
				GCC_WARN_UNUSED_FUNCTION = YES;
				GCC_WARN_UNUSED_VARIABLE = YES;
				IPHONEOS_DEPLOYMENT_TARGET = 17.0;
				LOCALIZATION_PREFERS_STRING_CATALOGS = YES;
				MTL_ENABLE_DEBUG_INFO = INCLUDE_SOURCE;
				MTL_FAST_MATH = YES;
				ONLY_ACTIVE_ARCH = YES;
				SDKROOT = iphoneos;
				SWIFT_ACTIVE_COMPILATION_CONDITIONS = "DEBUG $(inherited)";
				SWIFT_OPTIMIZATION_LEVEL = "-Onone";
			};
			name = Debug;
		};
		1F4832C12AC89DBA00024C7B /* Release */ = {
			isa = XCBuildConfiguration;
			buildSettings = {
				ALWAYS_SEARCH_USER_PATHS = NO;
				ASSETCATALOG_COMPILER_GENERATE_SWIFT_ASSET_SYMBOL_EXTENSIONS = YES;
				CLANG_ANALYZER_NONNULL = YES;
				CLANG_ANALYZER_NUMBER_OBJECT_CONVERSION = YES_AGGRESSIVE;
				CLANG_CXX_LANGUAGE_STANDARD = "gnu++20";
				CLANG_ENABLE_MODULES = YES;
				CLANG_ENABLE_OBJC_ARC = YES;
				CLANG_ENABLE_OBJC_WEAK = YES;
				CLANG_WARN_BLOCK_CAPTURE_AUTORELEASING = YES;
				CLANG_WARN_BOOL_CONVERSION = YES;
				CLANG_WARN_COMMA = YES;
				CLANG_WARN_CONSTANT_CONVERSION = YES;
				CLANG_WARN_DEPRECATED_OBJC_IMPLEMENTATIONS = YES;
				CLANG_WARN_DIRECT_OBJC_ISA_USAGE = YES_ERROR;
				CLANG_WARN_DOCUMENTATION_COMMENTS = YES;
				CLANG_WARN_EMPTY_BODY = YES;
				CLANG_WARN_ENUM_CONVERSION = YES;
				CLANG_WARN_INFINITE_RECURSION = YES;
				CLANG_WARN_INT_CONVERSION = YES;
				CLANG_WARN_NON_LITERAL_NULL_CONVERSION = YES;
				CLANG_WARN_OBJC_IMPLICIT_RETAIN_SELF = YES;
				CLANG_WARN_OBJC_LITERAL_CONVERSION = YES;
				CLANG_WARN_OBJC_ROOT_CLASS = YES_ERROR;
				CLANG_WARN_QUOTED_INCLUDE_IN_FRAMEWORK_HEADER = YES;
				CLANG_WARN_RANGE_LOOP_ANALYSIS = YES;
				CLANG_WARN_STRICT_PROTOTYPES = YES;
				CLANG_WARN_SUSPICIOUS_MOVE = YES;
				CLANG_WARN_UNGUARDED_AVAILABILITY = YES_AGGRESSIVE;
				CLANG_WARN_UNREACHABLE_CODE = YES;
				CLANG_WARN__DUPLICATE_METHOD_MATCH = YES;
				COPY_PHASE_STRIP = NO;
				DEBUG_INFORMATION_FORMAT = "dwarf-with-dsym";
				ENABLE_NS_ASSERTIONS = NO;
				ENABLE_STRICT_OBJC_MSGSEND = YES;
				ENABLE_USER_SCRIPT_SANDBOXING = YES;
				GCC_C_LANGUAGE_STANDARD = gnu17;
				GCC_NO_COMMON_BLOCKS = YES;
				GCC_WARN_64_TO_32_BIT_CONVERSION = YES;
				GCC_WARN_ABOUT_RETURN_TYPE = YES_ERROR;
				GCC_WARN_UNDECLARED_SELECTOR = YES;
				GCC_WARN_UNINITIALIZED_AUTOS = YES_AGGRESSIVE;
				GCC_WARN_UNUSED_FUNCTION = YES;
				GCC_WARN_UNUSED_VARIABLE = YES;
				IPHONEOS_DEPLOYMENT_TARGET = 17.0;
				LOCALIZATION_PREFERS_STRING_CATALOGS = YES;
				MTL_ENABLE_DEBUG_INFO = NO;
				MTL_FAST_MATH = YES;
				SDKROOT = iphoneos;
				SWIFT_COMPILATION_MODE = wholemodule;
				VALIDATE_PRODUCT = YES;
			};
			name = Release;
		};
		1F4832C32AC89DBA00024C7B /* Debug */ = {
			isa = XCBuildConfiguration;
			buildSettings = {
				ASSETCATALOG_COMPILER_APPICON_NAME = AppIcon;
				ASSETCATALOG_COMPILER_GLOBAL_ACCENT_COLOR_NAME = AccentColor;
				CODE_SIGN_STYLE = Automatic;
				CURRENT_PROJECT_VERSION = 1;
				DEVELOPMENT_ASSET_PATHS = "\"UE/Preview Content\"";
				DEVELOPMENT_TEAM = XWAD34CFK2;
				ENABLE_PREVIEWS = YES;
				GENERATE_INFOPLIST_FILE = YES;
				INFOPLIST_KEY_UIApplicationSceneManifest_Generation = YES;
				INFOPLIST_KEY_UIApplicationSupportsIndirectInputEvents = YES;
				INFOPLIST_KEY_UILaunchScreen_Generation = YES;
				INFOPLIST_KEY_UISupportedInterfaceOrientations_iPad = "UIInterfaceOrientationPortrait UIInterfaceOrientationPortraitUpsideDown UIInterfaceOrientationLandscapeLeft UIInterfaceOrientationLandscapeRight";
				INFOPLIST_KEY_UISupportedInterfaceOrientations_iPhone = "UIInterfaceOrientationPortrait UIInterfaceOrientationLandscapeLeft UIInterfaceOrientationLandscapeRight";
				LD_RUNPATH_SEARCH_PATHS = (
					"$(inherited)",
					"@executable_path/Frameworks",
				);
				MARKETING_VERSION = 1.0;
				PRODUCT_BUNDLE_IDENTIFIER = nurekeshcka.UE;
				PRODUCT_NAME = "$(TARGET_NAME)";
				SWIFT_EMIT_LOC_STRINGS = YES;
				SWIFT_VERSION = 5.0;
				TARGETED_DEVICE_FAMILY = "1,2";
			};
			name = Debug;
		};
		1F4832C42AC89DBA00024C7B /* Release */ = {
			isa = XCBuildConfiguration;
			buildSettings = {
				ASSETCATALOG_COMPILER_APPICON_NAME = AppIcon;
				ASSETCATALOG_COMPILER_GLOBAL_ACCENT_COLOR_NAME = AccentColor;
				CODE_SIGN_STYLE = Automatic;
				CURRENT_PROJECT_VERSION = 1;
				DEVELOPMENT_ASSET_PATHS = "\"UE/Preview Content\"";
				DEVELOPMENT_TEAM = XWAD34CFK2;
				ENABLE_PREVIEWS = YES;
				GENERATE_INFOPLIST_FILE = YES;
				INFOPLIST_KEY_UIApplicationSceneManifest_Generation = YES;
				INFOPLIST_KEY_UIApplicationSupportsIndirectInputEvents = YES;
				INFOPLIST_KEY_UILaunchScreen_Generation = YES;
				INFOPLIST_KEY_UISupportedInterfaceOrientations_iPad = "UIInterfaceOrientationPortrait UIInterfaceOrientationPortraitUpsideDown UIInterfaceOrientationLandscapeLeft UIInterfaceOrientationLandscapeRight";
				INFOPLIST_KEY_UISupportedInterfaceOrientations_iPhone = "UIInterfaceOrientationPortrait UIInterfaceOrientationLandscapeLeft UIInterfaceOrientationLandscapeRight";
				LD_RUNPATH_SEARCH_PATHS = (
					"$(inherited)",
					"@executable_path/Frameworks",
				);
				MARKETING_VERSION = 1.0;
				PRODUCT_BUNDLE_IDENTIFIER = nurekeshcka.UE;
				PRODUCT_NAME = "$(TARGET_NAME)";
				SWIFT_EMIT_LOC_STRINGS = YES;
				SWIFT_VERSION = 5.0;
				TARGETED_DEVICE_FAMILY = "1,2";
			};
			name = Release;
		};
		1F4832C62AC89DBA00024C7B /* Debug */ = {
			isa = XCBuildConfiguration;
			buildSettings = {
				ALWAYS_EMBED_SWIFT_STANDARD_LIBRARIES = YES;
				BUNDLE_LOADER = "$(TEST_HOST)";
				CODE_SIGN_STYLE = Automatic;
				CURRENT_PROJECT_VERSION = 1;
				DEVELOPMENT_TEAM = XWAD34CFK2;
				GENERATE_INFOPLIST_FILE = YES;
				IPHONEOS_DEPLOYMENT_TARGET = 17.0;
				MARKETING_VERSION = 1.0;
				PRODUCT_BUNDLE_IDENTIFIER = nurekeshcka.UETests;
				PRODUCT_NAME = "$(TARGET_NAME)";
				SWIFT_EMIT_LOC_STRINGS = NO;
				SWIFT_VERSION = 5.0;
				TARGETED_DEVICE_FAMILY = "1,2";
				TEST_HOST = "$(BUILT_PRODUCTS_DIR)/UE.app/$(BUNDLE_EXECUTABLE_FOLDER_PATH)/UE";
			};
			name = Debug;
		};
		1F4832C72AC89DBA00024C7B /* Release */ = {
			isa = XCBuildConfiguration;
			buildSettings = {
				ALWAYS_EMBED_SWIFT_STANDARD_LIBRARIES = YES;
				BUNDLE_LOADER = "$(TEST_HOST)";
				CODE_SIGN_STYLE = Automatic;
				CURRENT_PROJECT_VERSION = 1;
				DEVELOPMENT_TEAM = XWAD34CFK2;
				GENERATE_INFOPLIST_FILE = YES;
				IPHONEOS_DEPLOYMENT_TARGET = 17.0;
				MARKETING_VERSION = 1.0;
				PRODUCT_BUNDLE_IDENTIFIER = nurekeshcka.UETests;
				PRODUCT_NAME = "$(TARGET_NAME)";
				SWIFT_EMIT_LOC_STRINGS = NO;
				SWIFT_VERSION = 5.0;
				TARGETED_DEVICE_FAMILY = "1,2";
				TEST_HOST = "$(BUILT_PRODUCTS_DIR)/UE.app/$(BUNDLE_EXECUTABLE_FOLDER_PATH)/UE";
			};
			name = Release;
		};
		1F4832C92AC89DBA00024C7B /* Debug */ = {
			isa = XCBuildConfiguration;
			buildSettings = {
				ALWAYS_EMBED_SWIFT_STANDARD_LIBRARIES = YES;
				CODE_SIGN_STYLE = Automatic;
				CURRENT_PROJECT_VERSION = 1;
				DEVELOPMENT_TEAM = XWAD34CFK2;
				GENERATE_INFOPLIST_FILE = YES;
				MARKETING_VERSION = 1.0;
				PRODUCT_BUNDLE_IDENTIFIER = nurekeshcka.UEUITests;
				PRODUCT_NAME = "$(TARGET_NAME)";
				SWIFT_EMIT_LOC_STRINGS = NO;
				SWIFT_VERSION = 5.0;
				TARGETED_DEVICE_FAMILY = "1,2";
				TEST_TARGET_NAME = UE;
			};
			name = Debug;
		};
		1F4832CA2AC89DBA00024C7B /* Release */ = {
			isa = XCBuildConfiguration;
			buildSettings = {
				ALWAYS_EMBED_SWIFT_STANDARD_LIBRARIES = YES;
				CODE_SIGN_STYLE = Automatic;
				CURRENT_PROJECT_VERSION = 1;
				DEVELOPMENT_TEAM = XWAD34CFK2;
				GENERATE_INFOPLIST_FILE = YES;
				MARKETING_VERSION = 1.0;
				PRODUCT_BUNDLE_IDENTIFIER = nurekeshcka.UEUITests;
				PRODUCT_NAME = "$(TARGET_NAME)";
				SWIFT_EMIT_LOC_STRINGS = NO;
				SWIFT_VERSION = 5.0;
				TARGETED_DEVICE_FAMILY = "1,2";
				TEST_TARGET_NAME = UE;
			};
			name = Release;
		};
/* End XCBuildConfiguration section */

/* Begin XCConfigurationList section */
		1F4832992AC89DB600024C7B /* Build configuration list for PBXProject "UE" */ = {
			isa = XCConfigurationList;
			buildConfigurations = (
				1F4832C02AC89DBA00024C7B /* Debug */,
				1F4832C12AC89DBA00024C7B /* Release */,
			);
			defaultConfigurationIsVisible = 0;
			defaultConfigurationName = Release;
		};
		1F4832C22AC89DBA00024C7B /* Build configuration list for PBXNativeTarget "UE" */ = {
			isa = XCConfigurationList;
			buildConfigurations = (
				1F4832C32AC89DBA00024C7B /* Debug */,
				1F4832C42AC89DBA00024C7B /* Release */,
			);
			defaultConfigurationIsVisible = 0;
			defaultConfigurationName = Release;
		};
		1F4832C52AC89DBA00024C7B /* Build configuration list for PBXNativeTarget "UETests" */ = {
			isa = XCConfigurationList;
			buildConfigurations = (
				1F4832C62AC89DBA00024C7B /* Debug */,
				1F4832C72AC89DBA00024C7B /* Release */,
			);
			defaultConfigurationIsVisible = 0;
			defaultConfigurationName = Release;
		};
		1F4832C82AC89DBA00024C7B /* Build configuration list for PBXNativeTarget "UEUITests" */ = {
			isa = XCConfigurationList;
			buildConfigurations = (
				1F4832C92AC89DBA00024C7B /* Debug */,
				1F4832CA2AC89DBA00024C7B /* Release */,
			);
			defaultConfigurationIsVisible = 0;
			defaultConfigurationName = Release;
		};
/* End XCConfigurationList section */

/* Begin XCRemoteSwiftPackageReference section */
		1F136DAA2AD2274E00956AE8 /* XCRemoteSwiftPackageReference "SwiftSoup" */ = {
			isa = XCRemoteSwiftPackageReference;
			repositoryURL = "https://github.com/scinfu/SwiftSoup";
			requirement = {
				kind = upToNextMajorVersion;
				minimumVersion = 2.6.1;
			};
		};
/* End XCRemoteSwiftPackageReference section */

/* Begin XCSwiftPackageProductDependency section */
		1F136DAB2AD2274E00956AE8 /* SwiftSoup */ = {
			isa = XCSwiftPackageProductDependency;
			package = 1F136DAA2AD2274E00956AE8 /* XCRemoteSwiftPackageReference "SwiftSoup" */;
			productName = SwiftSoup;
		};
/* End XCSwiftPackageProductDependency section */
	};
	rootObject = 1F4832962AC89DB600024C7B /* Project object */;
}
